---
mruby:
  version: 3.0.0
  release_no: 30000
builds:
  host:
    https://github.com/ksss/mruby-at_exit.git:
      url: https://github.com/ksss/mruby-at_exit.git
      branch: master
      commit: '09af1ecdce7b39582023c7614f8305386ee4d789'
      version: 0.0.0
    https://github.com/iij/mruby-dir.git:
      url: https://github.com/iij/mruby-dir.git
      branch: master
      commit: 89dceefa1250fb1ae868d4cb52498e9e24293cd1
      version: 0.0.0
    https://github.com/gromnitsky/mruby-dir-glob.git:
      url: https://github.com/gromnitsky/mruby-dir-glob.git
      branch: master
      commit: 334c040a2e2c4c2689f8c3440168011f64d57ada
      version: 0.0.1
    https://github.com/iij/mruby-env.git:
      url: https://github.com/iij/mruby-env.git
      branch: master
      commit: 056ae324451ef16a50c7887e117f0ea30921b71b
      version: 0.0.0
    https://github.com/ksss/mruby-file-stat.git:
      url: https://github.com/ksss/mruby-file-stat.git
      branch: master
      commit: f3e858f01361b9b4a8e77ada52470068630c9530
      version: 0.0.0
    https://github.com/k0kubun/mruby-hashie.git:
      url: https://github.com/k0kubun/mruby-hashie.git
      branch: master
      commit: 381741184e3382ebfa9aa40e6f02645494874df3
      version: 0.0.0
    https://github.com/mattn/mruby-json.git:
      url: https://github.com/mattn/mruby-json.git
      branch: master
      commit: f99d9428025469f2400f93c53b185f65f963e507
      version: 0.0.0
    https://github.com/k0kubun/mruby-open3.git:
      url: https://github.com/k0kubun/mruby-open3.git
      branch: master
      commit: c2c269b07d0bc819be3e8bddd621429e59134de0
      version: 0.0.0
    https://github.com/fastly/mruby-optparse.git:
      url: https://github.com/fastly/mruby-optparse.git
      branch: master
      commit: e6397a090d1efe04d5dab57c63897f0d79bbad89
      version: 0.0.0
    https://github.com/k0kubun/mruby-shellwords.git:
      url: https://github.com/k0kubun/mruby-shellwords.git
      branch: master
      commit: 2a284d99b2121615e43d6accdb0e4cde1868a0d8
      version: 0.0.0
    https://github.com/k0kubun/mruby-specinfra.git:
      url: https://github.com/k0kubun/mruby-specinfra.git
      branch: master
      commit: 2a66b88cf87143b7d0ee8ab28ca3cbd69ad367cf
      version: 0.0.0
    https://github.com/k0kubun/mruby-tempfile.git:
      url: https://github.com/k0kubun/mruby-tempfile.git
      branch: master
      commit: 77736581bf971717aa2259144cf17bbb88b8d6b6
      version: 0.0.0
    https://github.com/mrbgems/mruby-yaml.git:
      url: https://github.com/mrbgems/mruby-yaml.git
      branch: master
      commit: 123010195bf621e784ee9d4ff9144a4b8e9cbb6a
      version: 0.1.0
    https://github.com/k0kubun/mruby-erb.git:
      url: https://github.com/k0kubun/mruby-erb.git
      branch: master
      commit: 978257e478633542c440c9248e8cdf33c5ad2074
      version: 0.0.0
    https://github.com/eagletmt/mruby-etc.git:
      url: https://github.com/eagletmt/mruby-etc.git
      branch: master
      commit: 38eb1f9f12149d5919cf73bdced53fd9a2d9d254
      version: 0.0.0
    https://github.com/zzak/mruby-uri.git:
      url: https://github.com/zzak/mruby-uri.git
      branch: master
      commit: b3108ae56a48990eb7b79f44aca4ec76e1e60ad8
      version: 0.0.0
    https://github.com/tatsushid/mruby-schash.git:
      url: https://github.com/tatsushid/mruby-schash.git
      branch: master
      commit: c8470d4be2404b4cfbb8011daebc2ca9bb1cdb80
      version: 0.0.0
    https://github.com/iij/mruby-errno.git:
      url: https://github.com/iij/mruby-errno.git
      branch: master
      commit: b4415207ff6ea62360619c89a1cff83259dc4db0
      version: 0.0.0
    https://github.com/iij/mruby-process.git:
      url: https://github.com/iij/mruby-process.git
      branch: master
      commit: 95da206a5764f4e80146979b8e35bd7a9afd6850
      version: 0.0.0
    https://github.com/IceDragon200/mruby-catch-throw:
      url: https://github.com/IceDragon200/mruby-catch-throw
      branch: master
      commit: 2b6eaff4232b4a9473b864df53c2917080af5dcf
      version: 1.1.0
    https://github.com/mattn/mruby-onig-regexp.git:
      url: https://github.com/mattn/mruby-onig-regexp.git
      branch: master
      commit: 20ba3325d6fa504cbbf193e1b2a90e20fdab544f
      version: 0.0.0
    https://github.com/ksss/mruby-singleton.git:
      url: https://github.com/ksss/mruby-singleton.git
      branch: master
      commit: 73dd4bae1a47d82e49b8f85bf27f49ec4462052e
      version: 0.0.0
